
Microsoft Visual Studio Solution File, Format Version 12.00
# Visual Studio Version 17
VisualStudioVersion = 17.0.31903.59
MinimumVisualStudioVersion = 10.0.40219.1
Project("{2150E333-8FDC-42A3-9474-1A3956D46DE8}") = "src", "src", "{827E0CD3-B72D-47B6-A68D-7590B98EB39B}"
EndProject
Project("{FAE04EC0-301F-11D3-BF4B-00C04F79EFBC}") = "WindowsComputerUseMCP.Core", "src\WindowsComputerUseMCP.Core\WindowsComputerUseMCP.Core.csproj", "{E6093095-B546-441D-B56D-C596F8D67F0C}"
EndProject
Project("{FAE04EC0-301F-11D3-BF4B-00C04F79EFBC}") = "WindowsComputerUseMCP.Safety", "src\WindowsComputerUseMCP.Safety\WindowsComputerUseMCP.Safety.csproj", "{5218173F-0328-4B19-B764-6A7CB03AD3A1}"
EndProject
Project("{FAE04EC0-301F-11D3-BF4B-00C04F79EFBC}") = "WindowsComputerUseMCP.Windows", "src\WindowsComputerUseMCP.Windows\WindowsComputerUseMCP.Windows.csproj", "{DCB3820B-F905-423D-8149-2A25E6716BB9}"
EndProject
Project("{FAE04EC0-301F-11D3-BF4B-00C04F79EFBC}") = "WindowsComputerUseMCP.Server", "src\WindowsComputerUseMCP.Server\WindowsComputerUseMCP.Server.csproj", "{71334DE9-2EE9-42FB-BE41-D78716DD8AC0}"
EndProject
Project("{FAE04EC0-301F-11D3-BF4B-00C04F79EFBC}") = "WindowsComputerUseMCP.ControlPanel", "src\WindowsComputerUseMCP.ControlPanel\WindowsComputerUseMCP.ControlPanel.csproj", "{8151F811-2106-4D2A-8224-E81476E94DA6}"
EndProject
Project("{2150E333-8FDC-42A3-9474-1A3956D46DE8}") = "tests", "tests", "{0AB3BF05-4346-4AA6-1389-037BE0695223}"
EndProject
Project("{FAE04EC0-301F-11D3-BF4B-00C04F79EFBC}") = "WindowsComputerUseMCP.Tests", "tests\WindowsComputerUseMCP.Tests\WindowsComputerUseMCP.Tests.csproj", "{5ED4EBBF-401A-44B7-837B-9B2E80EF7935}"
EndProject
Project("{FAE04EC0-301F-11D3-BF4B-00C04F79EFBC}") = "WindowsComputerUseMCP.Skills", "src\WindowsComputerUseMCP.Skills\WindowsComputerUseMCP.Skills.csproj", "{6EE5FCC3-F637-4843-922C-9D7BD4BAF33E}"
EndProject
Global
	GlobalSection(SolutionConfigurationPlatforms) = preSolution
		Debug|Any CPU = Debug|Any CPU
		Debug|x64 = Debug|x64
		Debug|x86 = Debug|x86
		Release|Any CPU = Release|Any CPU
		Release|x64 = Release|x64
		Release|x86 = Release|x86
	EndGlobalSection
	GlobalSection(ProjectConfigurationPlatforms) = postSolution
		{E6093095-B546-441D-B56D-C596F8D67F0C}.Debug|Any CPU.ActiveCfg = Debug|Any CPU
		{E6093095-B546-441D-B56D-C596F8D67F0C}.Debug|Any CPU.Build.0 = Debug|Any CPU
		{E6093095-B546-441D-B56D-C596F8D67F0C}.Debug|x64.ActiveCfg = Debug|Any CPU
		{E6093095-B546-441D-B56D-C596F8D67F0C}.Debug|x64.Build.0 = Debug|Any CPU
		{E6093095-B546-441D-B56D-C596F8D67F0C}.Debug|x86.ActiveCfg = Debug|Any CPU
		{E6093095-B546-441D-B56D-C596F8D67F0C}.Debug|x86.Build.0 = Debug|Any CPU
		{E6093095-B546-441D-B56D-C596F8D67F0C}.Release|Any CPU.ActiveCfg = Release|Any CPU
		{E6093095-B546-441D-B56D-C596F8D67F0C}.Release|Any CPU.Build.0 = Release|Any CPU
		{E6093095-B546-441D-B56D-C596F8D67F0C}.Release|x64.ActiveCfg = Release|Any CPU
		{E6093095-B546-441D-B56D-C596F8D67F0C}.Release|x64.Build.0 = Release|Any CPU
		{E6093095-B546-441D-B56D-C596F8D67F0C}.Release|x86.ActiveCfg = Release|Any CPU
		{E6093095-B546-441D-B56D-C596F8D67F0C}.Release|x86.Build.0 = Release|Any CPU
		{5218173F-0328-4B19-B764-6A7CB03AD3A1}.Debug|Any CPU.ActiveCfg = Debug|Any CPU
		{5218173F-0328-4B19-B764-6A7CB03AD3A1}.Debug|Any CPU.Build.0 = Debug|Any CPU
		{5218173F-0328-4B19-B764-6A7CB03AD3A1}.Debug|x64.ActiveCfg = Debug|Any CPU
		{5218173F-0328-4B19-B764-6A7CB03AD3A1}.Debug|x64.Build.0 = Debug|Any CPU
		{5218173F-0328-4B19-B764-6A7CB03AD3A1}.Debug|x86.ActiveCfg = Debug|Any CPU
		{5218173F-0328-4B19-B764-6A7CB03AD3A1}.Debug|x86.Build.0 = Debug|Any CPU
		{5218173F-0328-4B19-B764-6A7CB03AD3A1}.Release|Any CPU.ActiveCfg = Release|Any CPU
		{5218173F-0328-4B19-B764-6A7CB03AD3A1}.Release|Any CPU.Build.0 = Release|Any CPU
		{5218173F-0328-4B19-B764-6A7CB03AD3A1}.Release|x64.ActiveCfg = Release|Any CPU
		{5218173F-0328-4B19-B764-6A7CB03AD3A1}.Release|x64.Build.0 = Release|Any CPU
		{5218173F-0328-4B19-B764-6A7CB03AD3A1}.Release|x86.ActiveCfg = Release|Any CPU
		{5218173F-0328-4B19-B764-6A7CB03AD3A1}.Release|x86.Build.0 = Release|Any CPU
		{DCB3820B-F905-423D-8149-2A25E6716BB9}.Debug|Any CPU.ActiveCfg = Debug|Any CPU
		{DCB3820B-F905-423D-8149-2A25E6716BB9}.Debug|Any CPU.Build.0 = Debug|Any CPU
		{DCB3820B-F905-423D-8149-2A25E6716BB9}.Debug|x64.ActiveCfg = Debug|Any CPU
		{DCB3820B-F905-423D-8149-2A25E6716BB9}.Debug|x64.Build.0 = Debug|Any CPU
		{DCB3820B-F905-423D-8149-2A25E6716BB9}.Debug|x86.ActiveCfg = Debug|Any CPU
		{DCB3820B-F905-423D-8149-2A25E6716BB9}.Debug|x86.Build.0 = Debug|Any CPU
		{DCB3820B-F905-423D-8149-2A25E6716BB9}.Release|Any CPU.ActiveCfg = Release|Any CPU
		{DCB3820B-F905-423D-8149-2A25E6716BB9}.Release|Any CPU.Build.0 = Release|Any CPU
		{DCB3820B-F905-423D-8149-2A25E6716BB9}.Release|x64.ActiveCfg = Release|Any CPU
		{DCB3820B-F905-423D-8149-2A25E6716BB9}.Release|x64.Build.0 = Release|Any CPU
		{DCB3820B-F905-423D-8149-2A25E6716BB9}.Release|x86.ActiveCfg = Release|Any CPU
		{DCB3820B-F905-423D-8149-2A25E6716BB9}.Release|x86.Build.0 = Release|Any CPU
		{71334DE9-2EE9-42FB-BE41-D78716DD8AC0}.Debug|Any CPU.ActiveCfg = Debug|Any CPU
		{71334DE9-2EE9-42FB-BE41-D78716DD8AC0}.Debug|Any CPU.Build.0 = Debug|Any CPU
		{71334DE9-2EE9-42FB-BE41-D78716DD8AC0}.Debug|x64.ActiveCfg = Debug|Any CPU
		{71334DE9-2EE9-42FB-BE41-D78716DD8AC0}.Debug|x64.Build.0 = Debug|Any CPU
		{71334DE9-2EE9-42FB-BE41-D78716DD8AC0}.Debug|x86.ActiveCfg = Debug|Any CPU
		{71334DE9-2EE9-42FB-BE41-D78716DD8AC0}.Debug|x86.Build.0 = Debug|Any CPU
		{71334DE9-2EE9-42FB-BE41-D78716DD8AC0}.Release|Any CPU.ActiveCfg = Release|Any CPU
		{71334DE9-2EE9-42FB-BE41-D78716DD8AC0}.Release|Any CPU.Build.0 = Release|Any CPU
		{71334DE9-2EE9-42FB-BE41-D78716DD8AC0}.Release|x64.ActiveCfg = Release|Any CPU
		{71334DE9-2EE9-42FB-BE41-D78716DD8AC0}.Release|x64.Build.0 = Release|Any CPU
		{71334DE9-2EE9-42FB-BE41-D78716DD8AC0}.Release|x86.ActiveCfg = Release|Any CPU
		{71334DE9-2EE9-42FB-BE41-D78716DD8AC0}.Release|x86.Build.0 = Release|Any CPU
		{8151F811-2106-4D2A-8224-E81476E94DA6}.Debug|Any CPU.ActiveCfg = Debug|Any CPU
		{8151F811-2106-4D2A-8224-E81476E94DA6}.Debug|Any CPU.Build.0 = Debug|Any CPU
		{8151F811-2106-4D2A-8224-E81476E94DA6}.Debug|x64.ActiveCfg = Debug|Any CPU
		{8151F811-2106-4D2A-8224-E81476E94DA6}.Debug|x64.Build.0 = Debug|Any CPU
		{8151F811-2106-4D2A-8224-E81476E94DA6}.Debug|x86.ActiveCfg = Debug|Any CPU
		{8151F811-2106-4D2A-8224-E81476E94DA6}.Debug|x86.Build.0 = Debug|Any CPU
		{8151F811-2106-4D2A-8224-E81476E94DA6}.Release|Any CPU.ActiveCfg = Release|Any CPU
		{8151F811-2106-4D2A-8224-E81476E94DA6}.Release|Any CPU.Build.0 = Release|Any CPU
		{8151F811-2106-4D2A-8224-E81476E94DA6}.Release|x64.ActiveCfg = Release|Any CPU
		{8151F811-2106-4D2A-8224-E81476E94DA6}.Release|x64.Build.0 = Release|Any CPU
		{8151F811-2106-4D2A-8224-E81476E94DA6}.Release|x86.ActiveCfg = Release|Any CPU
		{8151F811-2106-4D2A-8224-E81476E94DA6}.Release|x86.Build.0 = Release|Any CPU
		{5ED4EBBF-401A-44B7-837B-9B2E80EF7935}.Debug|Any CPU.ActiveCfg = Debug|Any CPU
		{5ED4EBBF-401A-44B7-837B-9B2E80EF7935}.Debug|Any CPU.Build.0 = Debug|Any CPU
		{5ED4EBBF-401A-44B7-837B-9B2E80EF7935}.Debug|x64.ActiveCfg = Debug|Any CPU
		{5ED4EBBF-401A-44B7-837B-9B2E80EF7935}.Debug|x64.Build.0 = Debug|Any CPU
		{5ED4EBBF-401A-44B7-837B-9B2E80EF7935}.Debug|x86.ActiveCfg = Debug|Any CPU
		{5ED4EBBF-401A-44B7-837B-9B2E80EF7935}.Debug|x86.Build.0 = Debug|Any CPU
		{5ED4EBBF-401A-44B7-837B-9B2E80EF7935}.Release|Any CPU.ActiveCfg = Release|Any CPU
		{5ED4EBBF-401A-44B7-837B-9B2E80EF7935}.Release|Any CPU.Build.0 = Release|Any CPU
		{5ED4EBBF-401A-44B7-837B-9B2E80EF7935}.Release|x64.ActiveCfg = Release|Any CPU
		{5ED4EBBF-401A-44B7-837B-9B2E80EF7935}.Release|x64.Build.0 = Release|Any CPU
		{5ED4EBBF-401A-44B7-837B-9B2E80EF7935}.Release|x86.ActiveCfg = Release|Any CPU
		{5ED4EBBF-401A-44B7-837B-9B2E80EF7935}.Release|x86.Build.0 = Release|Any CPU
		{6EE5FCC3-F637-4843-922C-9D7BD4BAF33E}.Debug|Any CPU.ActiveCfg = Debug|Any CPU
		{6EE5FCC3-F637-4843-922C-9D7BD4BAF33E}.Debug|Any CPU.Build.0 = Debug|Any CPU
		{6EE5FCC3-F637-4843-922C-9D7BD4BAF33E}.Debug|x64.ActiveCfg = Debug|Any CPU
		{6EE5FCC3-F637-4843-922C-9D7BD4BAF33E}.Debug|x64.Build.0 = Debug|Any CPU
		{6EE5FCC3-F637-4843-922C-9D7BD4BAF33E}.Debug|x86.ActiveCfg = Debug|Any CPU
		{6EE5FCC3-F637-4843-922C-9D7BD4BAF33E}.Debug|x86.Build.0 = Debug|Any CPU
		{6EE5FCC3-F637-4843-922C-9D7BD4BAF33E}.Release|Any CPU.ActiveCfg = Release|Any CPU
		{6EE5FCC3-F637-4843-922C-9D7BD4BAF33E}.Release|Any CPU.Build.0 = Release|Any CPU
		{6EE5FCC3-F637-4843-922C-9D7BD4BAF33E}.Release|x64.ActiveCfg = Release|Any CPU
		{6EE5FCC3-F637-4843-922C-9D7BD4BAF33E}.Release|x64.Build.0 = Release|Any CPU
		{6EE5FCC3-F637-4843-922C-9D7BD4BAF33E}.Release|x86.ActiveCfg = Release|Any CPU
		{6EE5FCC3-F637-4843-922C-9D7BD4BAF33E}.Release|x86.Build.0 = Release|Any CPU
	EndGlobalSection
	GlobalSection(SolutionProperties) = preSolution
		HideSolutionNode = FALSE
	EndGlobalSection
	GlobalSection(NestedProjects) = preSolution
		{E6093095-B546-441D-B56D-C596F8D67F0C} = {827E0CD3-B72D-47B6-A68D-7590B98EB39B}
		{5218173F-0328-4B19-B764-6A7CB03AD3A1} = {827E0CD3-B72D-47B6-A68D-7590B98EB39B}
		{DCB3820B-F905-423D-8149-2A25E6716BB9} = {827E0CD3-B72D-47B6-A68D-7590B98EB39B}
		{71334DE9-2EE9-42FB-BE41-D78716DD8AC0} = {827E0CD3-B72D-47B6-A68D-7590B98EB39B}
		{8151F811-2106-4D2A-8224-E81476E94DA6} = {827E0CD3-B72D-47B6-A68D-7590B98EB39B}
		{5ED4EBBF-401A-44B7-837B-9B2E80EF7935} = {0AB3BF05-4346-4AA6-1389-037BE0695223}
		{6EE5FCC3-F637-4843-922C-9D7BD4BAF33E} = {827E0CD3-B72D-47B6-A68D-7590B98EB39B}
	EndGlobalSection
EndGlobal
